{
  "version": 2,
  "dependencies": {
    "net10.0": {
      "MailKit": {
        "type": "Direct",
        "requested": "[4.18.1, )",
        "resolved": "4.18.1",
        "contentHash": "EssBsnKHvIcH1QpqqsVUEWAlAHI3dkGXJpKAzSNJ8PGjClNynSo9bRkT68jVZkxhREm0Z51Dwu3127f4WfIiRg==",
        "dependencies": {
          "MimeKit": "4.18.1"
        }
      },
      "Microsoft.Extensions.DependencyInjection.Abstractions": {
        "type": "Direct",
        "requested": "[10.0.12, )",
        "resolved": "10.0.12",
        "contentHash": "9/qymSh7hVDMGTGwrLz8MRp5zRyXy9adGDOs4HwRdnLil3oZGYuWeZjbmHgCQ9BL1qBroVfgUK3U/nb61617Cw=="
      },
      "Microsoft.Extensions.Logging.Abstractions": {
        "type": "Direct",
        "requested": "[10.0.12, )",
        "resolved": "10.0.12",
        "contentHash": "+24lC4plfbEDNfLAdTV/SWKS7dW+16X4HdydO3R++134kSNTzcbYA4KpR1Hdh6uWisB8Za3AzwyOn+K+NxWIug==",
        "dependencies": {
          "Microsoft.Extensions.DependencyInjection.Abstractions": "10.0.12"
        }
      },
      "BouncyCastle.Cryptography": {
        "type": "Transitive",
        "resolved": "2.7.0",
        "contentHash": "U+12df8UEWHgBi04YVf/Lgi2dy3SItlIYvHjjEVa/BngCQIzDCDRBk50DDByCfDvSbe5pRNFr3b7UrVK2kMcLw=="
      },
      "MimeKit": {
        "type": "Transitive",
        "resolved": "4.18.1",
        "contentHash": "D8AfFVMFVJldWmhQWCziC9nWUN/zayFFBAKpyjVyCeh0tqBiI9jtUVuMrKgWw1EGnCp09msDZldbRvp2jfUehQ==",
        "dependencies": {
          "BouncyCastle.Cryptography": "2.7.0",
          "System.Security.Cryptography.Pkcs": "10.0.0"
        }
      },
      "System.Security.Cryptography.Pkcs": {
        "type": "Transitive",
        "resolved": "10.0.0",
        "contentHash": "UPWqLSygJlFerRi9XNIuM0a1VC8gHUIufyP24xQ0sc+XimqUAEcjpOz9DhKpyDjH+5B/wO3RpC0KpkEeDj/ddg=="
      },
      "securefact.notifications.contracts": {
        "type": "Project",
        "dependencies": {
          "SecureFact.SharedKernel": "[1.0.0, )"
        }
      },
      "securefact.sharedkernel": {
        "type": "Project"
      }
    }
  }
}