<Solution>
  <Folder Name="/src/">
    <Project Path="src/SecureFact.Api/SecureFact.Api.csproj" />
    <Project Path="src/SecureFact.SharedKernel/SecureFact.SharedKernel.csproj" />
    <Project Path="src/SecureFact.Workers/SecureFact.Workers.csproj" />
  </Folder>
  <Folder Name="/tests/" />
  <Folder Name="/tests/Architecture/">
    <Project Path="tests/Architecture/SecureFact.Architecture.Tests/SecureFact.Architecture.Tests.csproj" />
  </Folder>
  <Folder Name="/tests/Integration/">
    <Project Path="tests/Integration/SecureFact.Integration.Tests/SecureFact.Integration.Tests.csproj" />
  </Folder>
  <Folder Name="/tests/Unit/">
    <Project Path="tests/Unit/SecureFact.Unit.Tests/SecureFact.Unit.Tests.csproj" />
  </Folder>
</Solution>
