<Solution>
  <Folder Name="/src/">
    <Project Path="src/SecureFact.Api/SecureFact.Api.csproj" />
    <Project Path="src/SecureFact.Platform/SecureFact.Platform.csproj" />
    <Project Path="src/SecureFact.SharedKernel/SecureFact.SharedKernel.csproj" />
    <Project Path="src/SecureFact.Workers/SecureFact.Workers.csproj" />
  </Folder>
  <Folder Name="/src/Modules/" />
  <Folder Name="/src/Modules/Audit/">
    <Project Path="src/Modules/Audit/SecureFact.Audit.Contracts/SecureFact.Audit.Contracts.csproj" />
    <Project Path="src/Modules/Audit/SecureFact.Audit/SecureFact.Audit.csproj" />
  </Folder>
  <Folder Name="/src/Modules/Billing/">
    <Project Path="src/Modules/Billing/SecureFact.Billing.Contracts/SecureFact.Billing.Contracts.csproj" />
    <Project Path="src/Modules/Billing/SecureFact.Billing/SecureFact.Billing.csproj" />
  </Folder>
  <Folder Name="/src/Modules/Catalogs/">
    <Project Path="src/Modules/Catalogs/SecureFact.Catalogs.Contracts/SecureFact.Catalogs.Contracts.csproj" />
    <Project Path="src/Modules/Catalogs/SecureFact.Catalogs/SecureFact.Catalogs.csproj" />
  </Folder>
  <Folder Name="/src/Modules/CpeEngine/">
    <Project Path="src/Modules/CpeEngine/SecureFact.CpeEngine.Contracts/SecureFact.CpeEngine.Contracts.csproj" />
    <Project Path="src/Modules/CpeEngine/SecureFact.CpeEngine/SecureFact.CpeEngine.csproj" />
  </Folder>
  <Folder Name="/src/Modules/Identity/">
    <Project Path="src/Modules/Identity/SecureFact.Identity.Contracts/SecureFact.Identity.Contracts.csproj" />
    <Project Path="src/Modules/Identity/SecureFact.Identity/SecureFact.Identity.csproj" />
  </Folder>
  <Folder Name="/src/Modules/Organizations/">
    <Project Path="src/Modules/Organizations/SecureFact.Organizations.Contracts/SecureFact.Organizations.Contracts.csproj" />
    <Project Path="src/Modules/Organizations/SecureFact.Organizations/SecureFact.Organizations.csproj" />
  </Folder>
  <Folder Name="/src/Modules/TaxEngine/">
    <Project Path="src/Modules/TaxEngine/SecureFact.TaxEngine.Contracts/SecureFact.TaxEngine.Contracts.csproj" />
    <Project Path="src/Modules/TaxEngine/SecureFact.TaxEngine/SecureFact.TaxEngine.csproj" />
  </Folder>
  <Folder Name="/src/Modules/Tenancy/">
    <Project Path="src/Modules/Tenancy/SecureFact.Tenancy.Contracts/SecureFact.Tenancy.Contracts.csproj" />
    <Project Path="src/Modules/Tenancy/SecureFact.Tenancy/SecureFact.Tenancy.csproj" />
  </Folder>
  <Folder Name="/tests/" />
  <Folder Name="/tests/Architecture/">
    <Project Path="tests/Architecture/SecureFact.Architecture.Tests/SecureFact.Architecture.Tests.csproj" />
  </Folder>
  <Folder Name="/tests/Integration/">
    <Project Path="tests/Integration/SecureFact.Integration.Tests/SecureFact.Integration.Tests.csproj" />
  </Folder>
  <Folder Name="/tests/Security/">
    <Project Path="tests/Security/SecureFact.Security.Tests/SecureFact.Security.Tests.csproj" />
  </Folder>
  <Folder Name="/tests/Unit/">
    <Project Path="tests/Unit/SecureFact.Unit.Tests/SecureFact.Unit.Tests.csproj" />
  </Folder>
  <Folder Name="/tools/">
    <Project Path="tools/SecureFact.CatalogImporter/SecureFact.CatalogImporter.csproj" />
  </Folder>
</Solution>
