{
  "version": 2,
  "dependencies": {
    "net10.0": {
      "Microsoft.AspNetCore.Authentication.JwtBearer": {
        "type": "Direct",
        "requested": "[10.0.12, )",
        "resolved": "10.0.12",
        "contentHash": "DeE+Bq2OqB3FikFkZk+7gFBeLOQhkSolejLrbi+a9zpfvXtW1Ff6Nd6DIvHXIm+pc4aM4+52vDy3jnuau0qoUQ==",
        "dependencies": {
          "Microsoft.IdentityModel.Protocols.OpenIdConnect": "8.19.2"
        }
      },
      "Microsoft.AspNetCore.OpenApi": {
        "type": "Direct",
        "requested": "[10.0.12, )",
        "resolved": "10.0.12",
        "contentHash": "7RnQ/UKn+kK3JDLmTpW+vVqNErWthGPAVAy1aIiBzv4ucQ6g9NFvOJUuT0PHcpvcJxGVxctMxj6t+NESWMrgHQ==",
        "dependencies": {
          "Microsoft.OpenApi": "[2.12.0, 3.0.0)"
        }
      },
      "OpenTelemetry.Exporter.OpenTelemetryProtocol": {
        "type": "Direct",
        "requested": "[1.19.1, )",
        "resolved": "1.19.1",
        "contentHash": "vsYYOBf/KxNubnuoja8pjJ9LG0zCC9HAYPay+R6N5ZKZMbhNdKWbaq6JZqJqTvK+55rudiqErJySekf9ql8okA==",
        "dependencies": {
          "OpenTelemetry": "1.19.1"
        }
      },
      "OpenTelemetry.Extensions.Hosting": {
        "type": "Direct",
        "requested": "[1.19.1, )",
        "resolved": "1.19.1",
        "contentHash": "3qqZfVmW8mKA2/fRwI83o8z+yZd33KbEqRlXrlX0+3e/U7i+z0MQiCr0L3Axxa0jGdiylIrpWX4DIT9nAbJ00A==",
        "dependencies": {
          "OpenTelemetry": "1.19.1"
        }
      },
      "OpenTelemetry.Instrumentation.AspNetCore": {
        "type": "Direct",
        "requested": "[1.19.0, )",
        "resolved": "1.19.0",
        "contentHash": "reypo7g0Nzyssg1EkbfWU6W58CVFgtgkSEGrFXtbpA+bNit7HUs7587DOkOdPCgqWr3IL4f6X9B2yhnU6POrFA==",
        "dependencies": {
          "OpenTelemetry.Api.ProviderBuilderExtensions": "[1.19.0, 2.0.0)"
        }
      },
      "OpenTelemetry.Instrumentation.Http": {
        "type": "Direct",
        "requested": "[1.19.0, )",
        "resolved": "1.19.0",
        "contentHash": "+egJpWBRfYP3ldfexV2bmJyzOWkkOPVYikw/vUEtbUvf2exJfY3RGInXrYlubhBIH6rmNEn6sI/FmqenZJwkjw==",
        "dependencies": {
          "OpenTelemetry.Api.ProviderBuilderExtensions": "[1.19.0, 2.0.0)"
        }
      },
      "OpenTelemetry.Instrumentation.Runtime": {
        "type": "Direct",
        "requested": "[1.19.0, )",
        "resolved": "1.19.0",
        "contentHash": "VIH2tQ2h31j4wQyZ9Utk8ZXIyj7Z1j0xIiyPRGjYu1MmZjJtpxRh0Y/NnB6fEBimNg/WrX0jDyfMeEjPQqmaMA==",
        "dependencies": {
          "OpenTelemetry.Api": "[1.19.0, 2.0.0)"
        }
      },
      "AWSSDK.Core": {
        "type": "Transitive",
        "resolved": "4.0.102.8",
        "contentHash": "90B9Skhl+ORbtWNXrrmGdGhGvAfZiPmZafRYrB/xHelZjePIwPvXioqz9UiiF1vo21eDLzTnXh5EC4RjbNWsFQ=="
      },
      "Microsoft.Bcl.Cryptography": {
        "type": "Transitive",
        "resolved": "10.0.2",
        "contentHash": "LG9Yll3B5aNpxv0+D47g6LiOiKBIlodhcHdQwcYzo8VeexFLGqx5ymetmA2aBRyo9cCcWsQWrFsdbsr8LvmWDw=="
      },
      "Microsoft.EntityFrameworkCore.Abstractions": {
        "type": "Transitive",
        "resolved": "10.0.12",
        "contentHash": "kDrux7T6C3V/YYYe2LXr7x6AEsVyq5Y2YoTE9er1SwbDtap3z1g8RgxNh5eKQVyB4T+DKvBBJ4Ezd/VZzJQJZg=="
      },
      "Microsoft.EntityFrameworkCore.Analyzers": {
        "type": "Transitive",
        "resolved": "10.0.12",
        "contentHash": "Kd4o2oO1A6dfKxjz5LS16QyLtpCFTUiFWwmBABETAXRsSImBdRdWeKjSgbbRhAMiV3a3/nWr95ZtzClT4uaADQ=="
      },
      "Microsoft.IdentityModel.Abstractions": {
        "type": "Transitive",
        "resolved": "8.23.0",
        "contentHash": "JjiBkKj12OKvuWr+kB5sQwb7fmWW5bi03Mq/rd2Fu/7YwZ1RWQO9KhI9lBxki4o1VvY0wzqny8c7nwx1uuZzVg=="
      },
      "Microsoft.IdentityModel.Logging": {
        "type": "Transitive",
        "resolved": "8.23.0",
        "contentHash": "wSXXOoV4b4hhRcC492jyNBZkO0LWrcWtWP5Cl5ujrON3vTMlufXDT39gTZfBhFAZCV2XJtNU6DLHMDR6E9YpUg==",
        "dependencies": {
          "Microsoft.IdentityModel.Abstractions": "8.23.0"
        }
      },
      "Microsoft.IdentityModel.Protocols": {
        "type": "Transitive",
        "resolved": "8.19.2",
        "contentHash": "sGxSsSrZXNmca6D+jHH2rVRyo2nNRd/g4H9CFbPmLLq0xgoH1U0orLWE5minfijw7+zq49tBs7txenbfAErRoQ==",
        "dependencies": {
          "Microsoft.IdentityModel.Tokens": "8.19.2"
        }
      },
      "Microsoft.IdentityModel.Protocols.OpenIdConnect": {
        "type": "Transitive",
        "resolved": "8.19.2",
        "contentHash": "1XOcyY36cVymzE3qKdzKaUEZ4Pzt7ZpSa14JZoPPK1NLFUkQDs85TCqpV6XDo0YjFXj6nVK00AfOHppjghjhtw==",
        "dependencies": {
          "Microsoft.IdentityModel.Protocols": "8.19.2",
          "System.IdentityModel.Tokens.Jwt": "8.19.2"
        }
      },
      "Microsoft.OpenApi": {
        "type": "Transitive",
        "resolved": "2.12.0",
        "contentHash": "0xB/be+f6qYOhvQPUrVsLrau+fkowYv6gt9RIkajMhwT7sZnqtcA797yW3bS5kgSje+AQW4xZgyLnW641YFioQ=="
      },
      "Microsoft.Win32.SystemEvents": {
        "type": "Transitive",
        "resolved": "6.0.0",
        "contentHash": "hqTM5628jSsQiv+HGpiq3WKBl2c8v1KZfby2J6Pr7pEPlK9waPdgEO6b8A/+/xn/yZ9ulv8HuqK71ONy2tg67A=="
      },
      "Npgsql": {
        "type": "Transitive",
        "resolved": "10.0.3",
        "contentHash": "7nb5YzXuvWWJxB0J8DiyL3we+X4FOctZrt0fIBnucOIaIevFEEwGQVZKtiu9olXdlNAK1eNgqSral6r/jlhI4w=="
      },
      "OpenTelemetry": {
        "type": "Transitive",
        "resolved": "1.19.1",
        "contentHash": "6ywhc3upf+dq8EsOohj7I7zS3l4yX9vfbtFkvyEC8xIUY4Z9iDIOVuke356eCAzIZaWtmwmmyl2UXYCp5n7I3Q==",
        "dependencies": {
          "OpenTelemetry.Api.ProviderBuilderExtensions": "1.19.1"
        }
      },
      "OpenTelemetry.Api": {
        "type": "Transitive",
        "resolved": "1.19.1",
        "contentHash": "9JKIH+xrV0HNTFjQC8zrx9gZpDOMEljN5Htg/U0VE2IvO3N+7bKALCCsGy5tp09marX5dd8UkrgQFoLaulIBRw=="
      },
      "OpenTelemetry.Api.ProviderBuilderExtensions": {
        "type": "Transitive",
        "resolved": "1.19.1",
        "contentHash": "HtGe72B/IhzKqdU0a3fNE5osax/Cegwxd+p4u6lOFy20nsgmeaFuP2NRyFs1WvrOv/bpkII3IvvBkKoZXG8BLg==",
        "dependencies": {
          "OpenTelemetry.Api": "1.19.1"
        }
      },
      "System.Drawing.Common": {
        "type": "Transitive",
        "resolved": "6.0.0",
        "contentHash": "NfuoKUiP2nUWwKZN6twGqXioIe1zVD0RIj2t976A+czLHr2nY454RwwXs6JU9Htc6mwqL6Dn/nEL3dpVf2jOhg==",
        "dependencies": {
          "Microsoft.Win32.SystemEvents": "6.0.0"
        }
      },
      "System.IdentityModel.Tokens.Jwt": {
        "type": "Transitive",
        "resolved": "8.19.2",
        "contentHash": "gqhDC/icByKEutygpr+OFgAmjwTVowyzFjWB8K0q1ww8uFj5a1BQNL+QvijUl9uhq4p8OdDwcAIrjVC+eC9FVA==",
        "dependencies": {
          "Microsoft.IdentityModel.JsonWebTokens": "8.19.2",
          "Microsoft.IdentityModel.Tokens": "8.19.2"
        }
      },
      "securefact.audit": {
        "type": "Project",
        "dependencies": {
          "SecureFact.Audit.Contracts": "[1.0.0, )",
          "SecureFact.Platform": "[1.0.0, )",
          "SecureFact.SharedKernel": "[1.0.0, )"
        }
      },
      "securefact.audit.contracts": {
        "type": "Project",
        "dependencies": {
          "SecureFact.SharedKernel": "[1.0.0, )"
        }
      },
      "securefact.billing": {
        "type": "Project",
        "dependencies": {
          "SecureFact.Audit.Contracts": "[1.0.0, )",
          "SecureFact.Billing.Contracts": "[1.0.0, )",
          "SecureFact.Customers.Contracts": "[1.0.0, )",
          "SecureFact.Organizations.Contracts": "[1.0.0, )",
          "SecureFact.Platform": "[1.0.0, )",
          "SecureFact.Rules.Contracts": "[1.0.0, )",
          "SecureFact.SharedKernel": "[1.0.0, )",
          "SecureFact.TaxEngine.Contracts": "[1.0.0, )"
        }
      },
      "securefact.billing.contracts": {
        "type": "Project",
        "dependencies": {
          "SecureFact.SharedKernel": "[1.0.0, )",
          "SecureFact.TaxEngine.Contracts": "[1.0.0, )"
        }
      },
      "securefact.catalogs": {
        "type": "Project",
        "dependencies": {
          "SecureFact.Catalogs.Contracts": "[1.0.0, )",
          "SecureFact.Platform": "[1.0.0, )",
          "SecureFact.SharedKernel": "[1.0.0, )"
        }
      },
      "securefact.catalogs.contracts": {
        "type": "Project",
        "dependencies": {
          "SecureFact.SharedKernel": "[1.0.0, )"
        }
      },
      "securefact.certificates": {
        "type": "Project",
        "dependencies": {
          "SecureFact.Audit.Contracts": "[1.0.0, )",
          "SecureFact.Certificates.Contracts": "[1.0.0, )",
          "SecureFact.Organizations.Contracts": "[1.0.0, )",
          "SecureFact.Platform": "[1.0.0, )",
          "SecureFact.SharedKernel": "[1.0.0, )"
        }
      },
      "securefact.certificates.contracts": {
        "type": "Project",
        "dependencies": {
          "SecureFact.SharedKernel": "[1.0.0, )"
        }
      },
      "securefact.cpeengine": {
        "type": "Project",
        "dependencies": {
          "QRCoder": "[1.8.0, )",
          "SecureFact.Audit.Contracts": "[1.0.0, )",
          "SecureFact.Billing.Contracts": "[1.0.0, )",
          "SecureFact.Certificates.Contracts": "[1.0.0, )",
          "SecureFact.CpeEngine.Contracts": "[1.0.0, )",
          "SecureFact.Organizations.Contracts": "[1.0.0, )",
          "SecureFact.Platform": "[1.0.0, )",
          "SecureFact.Rules.Contracts": "[1.0.0, )",
          "SecureFact.SharedKernel": "[1.0.0, )",
          "SecureFact.TaxEngine.Contracts": "[1.0.0, )"
        }
      },
      "securefact.cpeengine.contracts": {
        "type": "Project",
        "dependencies": {
          "SecureFact.SharedKernel": "[1.0.0, )",
          "SecureFact.TaxEngine.Contracts": "[1.0.0, )"
        }
      },
      "securefact.customers": {
        "type": "Project",
        "dependencies": {
          "SecureFact.Audit.Contracts": "[1.0.0, )",
          "SecureFact.Catalogs.Contracts": "[1.0.0, )",
          "SecureFact.Customers.Contracts": "[1.0.0, )",
          "SecureFact.Platform": "[1.0.0, )",
          "SecureFact.SharedKernel": "[1.0.0, )"
        }
      },
      "securefact.customers.contracts": {
        "type": "Project",
        "dependencies": {
          "SecureFact.SharedKernel": "[1.0.0, )"
        }
      },
      "securefact.identity": {
        "type": "Project",
        "dependencies": {
          "Microsoft.IdentityModel.JsonWebTokens": "[8.23.0, )",
          "SecureFact.Audit.Contracts": "[1.0.0, )",
          "SecureFact.Identity.Contracts": "[1.0.0, )",
          "SecureFact.Platform": "[1.0.0, )",
          "SecureFact.SharedKernel": "[1.0.0, )"
        }
      },
      "securefact.identity.contracts": {
        "type": "Project",
        "dependencies": {
          "SecureFact.SharedKernel": "[1.0.0, )"
        }
      },
      "securefact.organizations": {
        "type": "Project",
        "dependencies": {
          "SecureFact.Audit.Contracts": "[1.0.0, )",
          "SecureFact.Organizations.Contracts": "[1.0.0, )",
          "SecureFact.Platform": "[1.0.0, )",
          "SecureFact.SharedKernel": "[1.0.0, )"
        }
      },
      "securefact.organizations.contracts": {
        "type": "Project",
        "dependencies": {
          "SecureFact.SharedKernel": "[1.0.0, )"
        }
      },
      "securefact.platform": {
        "type": "Project",
        "dependencies": {
          "Microsoft.EntityFrameworkCore": "[10.0.12, )",
          "Microsoft.EntityFrameworkCore.Relational": "[10.0.12, )",
          "Npgsql.EntityFrameworkCore.PostgreSQL": "[10.0.3, )",
          "SecureFact.SharedKernel": "[1.0.0, )"
        }
      },
      "securefact.products": {
        "type": "Project",
        "dependencies": {
          "SecureFact.Audit.Contracts": "[1.0.0, )",
          "SecureFact.Catalogs.Contracts": "[1.0.0, )",
          "SecureFact.Platform": "[1.0.0, )",
          "SecureFact.Products.Contracts": "[1.0.0, )",
          "SecureFact.SharedKernel": "[1.0.0, )"
        }
      },
      "securefact.products.contracts": {
        "type": "Project",
        "dependencies": {
          "SecureFact.SharedKernel": "[1.0.0, )"
        }
      },
      "securefact.rules": {
        "type": "Project",
        "dependencies": {
          "SecureFact.Platform": "[1.0.0, )",
          "SecureFact.Rules.Contracts": "[1.0.0, )",
          "SecureFact.SharedKernel": "[1.0.0, )"
        }
      },
      "securefact.rules.contracts": {
        "type": "Project",
        "dependencies": {
          "SecureFact.SharedKernel": "[1.0.0, )"
        }
      },
      "securefact.sharedkernel": {
        "type": "Project"
      },
      "securefact.storage.s3": {
        "type": "Project",
        "dependencies": {
          "AWSSDK.S3": "[4.0.104.1, )",
          "SecureFact.SharedKernel": "[1.0.0, )"
        }
      },
      "securefact.taxengine": {
        "type": "Project",
        "dependencies": {
          "SecureFact.SharedKernel": "[1.0.0, )",
          "SecureFact.TaxEngine.Contracts": "[1.0.0, )"
        }
      },
      "securefact.taxengine.contracts": {
        "type": "Project",
        "dependencies": {
          "SecureFact.SharedKernel": "[1.0.0, )"
        }
      },
      "securefact.tenancy": {
        "type": "Project",
        "dependencies": {
          "SecureFact.Audit.Contracts": "[1.0.0, )",
          "SecureFact.Platform": "[1.0.0, )",
          "SecureFact.SharedKernel": "[1.0.0, )",
          "SecureFact.Tenancy.Contracts": "[1.0.0, )"
        }
      },
      "securefact.tenancy.contracts": {
        "type": "Project",
        "dependencies": {
          "SecureFact.SharedKernel": "[1.0.0, )"
        }
      },
      "AWSSDK.S3": {
        "type": "CentralTransitive",
        "requested": "[4.0.104.1, )",
        "resolved": "4.0.104.1",
        "contentHash": "syEbfUR1Qjy9WS0fmg5MWOq0aGghq+pBIyrvDP3BFLc5K2OITxMiwbPkZhEJeAq8SWRn2bfVaWWmNLp8hS9VwQ==",
        "dependencies": {
          "AWSSDK.Core": "[4.0.102.8, 5.0.0)"
        }
      },
      "Microsoft.EntityFrameworkCore": {
        "type": "CentralTransitive",
        "requested": "[10.0.12, )",
        "resolved": "10.0.12",
        "contentHash": "e7OrVN8U5yr4kuwdTHWBHGVQIVsGfMkAr0Ej1/BnrS989Q0XBVANpIzNZ2bc1GvMZ0/XwMt5InTnmKskxGy99Q==",
        "dependencies": {
          "Microsoft.EntityFrameworkCore.Abstractions": "10.0.12",
          "Microsoft.EntityFrameworkCore.Analyzers": "10.0.12"
        }
      },
      "Microsoft.EntityFrameworkCore.Relational": {
        "type": "CentralTransitive",
        "requested": "[10.0.12, )",
        "resolved": "10.0.12",
        "contentHash": "OiHmr8XzX96dbgMsYGe8qoqg4KxibdZG2r0QUVJBGktFInOp8IrABe8jvcbo5hrqeWfbwpK7fCEBiEPbY/ik4A==",
        "dependencies": {
          "Microsoft.EntityFrameworkCore": "10.0.12"
        }
      },
      "Microsoft.IdentityModel.JsonWebTokens": {
        "type": "CentralTransitive",
        "requested": "[8.23.0, )",
        "resolved": "8.23.0",
        "contentHash": "ePEm+mv5iswzckE3mygh52uFUeQpVlHa1B10nS4jpEyNV5tL1mLgRS9U5sMaRlhsPRsZ1DJP0+FhxSrOIfMGIg==",
        "dependencies": {
          "Microsoft.IdentityModel.Tokens": "8.23.0"
        }
      },
      "Microsoft.IdentityModel.Tokens": {
        "type": "CentralTransitive",
        "requested": "[8.23.0, )",
        "resolved": "8.23.0",
        "contentHash": "PUowLq8gqICt+oepHWmKBOJmnVmWoQ5dOVn2CgwFMBZZOAEMHgCQLWs8ONYdsjAyjhDHaFy+AAx0OMG/oV06Zw==",
        "dependencies": {
          "Microsoft.Bcl.Cryptography": "10.0.2",
          "Microsoft.IdentityModel.Logging": "8.23.0"
        }
      },
      "Npgsql.EntityFrameworkCore.PostgreSQL": {
        "type": "CentralTransitive",
        "requested": "[10.0.3, )",
        "resolved": "10.0.3",
        "contentHash": "IPGrrZnRkuW7OlHDhUESZz4G5DLkW7Nej/O3Cx+0iTsgyU5XJxBgpsvTHLloo3WWuAKKbDHXBvWPVkX1deRh1Q==",
        "dependencies": {
          "Microsoft.EntityFrameworkCore": "[10.0.4, 11.0.0)",
          "Microsoft.EntityFrameworkCore.Relational": "[10.0.4, 11.0.0)",
          "Npgsql": "10.0.3"
        }
      },
      "QRCoder": {
        "type": "CentralTransitive",
        "requested": "[1.8.0, )",
        "resolved": "1.8.0",
        "contentHash": "RuvX3PEXU6pbY/I5ItAk800jm62r+YnoPLgyS2WTgwxkOnGkOfU9ORiipHUF0LkLyqM8rlroUCA319JjRYfRFQ==",
        "dependencies": {
          "System.Drawing.Common": "6.0.0"
        }
      }
    }
  }
}